
Microsoft Visual Studio Solution File, Format Version 12.00
# Visual Studio Version 16
VisualStudioVersion = 16.0.29326.143
MinimumVisualStudioVersion = 10.0.40219.1
Project("{FAE04EC0-301F-11D3-BF4B-00C04F79EFBC}") = "Part1", "Part1\Part1.csproj", "{463595E7-2026-4188-8221-FBF4D69B954B}"
EndProject
Project("{FAE04EC0-301F-11D3-BF4B-00C04F79EFBC}") = "Part2", "Part2\Part2.csproj", "{795324C1-DCFF-412C-9A5E-89C2E1256325}"
EndProject
Project("{FAE04EC0-301F-11D3-BF4B-00C04F79EFBC}") = "Part3", "Part3\Part3.csproj", "{E703961C-630F-4D78-BFDA-999201D885FB}"
EndProject
Project("{FAE04EC0-301F-11D3-BF4B-00C04F79EFBC}") = "Part4", "Part4\Part4.csproj", "{3B29B62B-F36B-4485-9F76-438D5933C3BC}"
EndProject
Project("{FAE04EC0-301F-11D3-BF4B-00C04F79EFBC}") = "Part5", "Part5\Part5.csproj", "{FFE1CF65-459A-444F-AD92-8F87A498E085}"
EndProject
Project("{FAE04EC0-301F-11D3-BF4B-00C04F79EFBC}") = "Part6", "Part6\Part6.csproj", "{DA5A85B9-6642-4EDF-9524-1FFFD8151D0F}"
EndProject
Project("{FAE04EC0-301F-11D3-BF4B-00C04F79EFBC}") = "Part7", "Part7\Part7.csproj", "{645B0330-A8F7-448D-A33E-CEB260167E50}"
EndProject
Project("{FAE04EC0-301F-11D3-BF4B-00C04F79EFBC}") = "Part8", "Part8\Part8.csproj", "{8E92F5F6-0519-4A25-8806-357DC835C030}"
EndProject
Project("{FAE04EC0-301F-11D3-BF4B-00C04F79EFBC}") = "Part9", "Part9\Part9.csproj", "{3EDC8A4C-870E-41D5-9922-D22E45CAE412}"
EndProject
Project("{FAE04EC0-301F-11D3-BF4B-00C04F79EFBC}") = "Part10", "Part10\Part10.csproj", "{B25421A5-5381-4834-8579-9D42E4D983DF}"
EndProject
Project("{FAE04EC0-301F-11D3-BF4B-00C04F79EFBC}") = "Part11", "Part11\Part11.csproj", "{316B23C9-384E-4549-8D4F-AEEBB40B2F9F}"
EndProject
Project("{FAE04EC0-301F-11D3-BF4B-00C04F79EFBC}") = "Part12", "Part12\Part12.csproj", "{8CFF9851-F27D-47F3-9F81-A4FD83F9ADEB}"
EndProject
Project("{FAE04EC0-301F-11D3-BF4B-00C04F79EFBC}") = "Part13", "Part13\Part13.csproj", "{17D84BA6-7A53-47A4-A331-56925B3A86CE}"
EndProject
Global
	GlobalSection(SolutionConfigurationPlatforms) = preSolution
		Debug|Any CPU = Debug|Any CPU
		Release|Any CPU = Release|Any CPU
	EndGlobalSection
	GlobalSection(ProjectConfigurationPlatforms) = postSolution
		{463595E7-2026-4188-8221-FBF4D69B954B}.Debug|Any CPU.ActiveCfg = Debug|Any CPU
		{463595E7-2026-4188-8221-FBF4D69B954B}.Debug|Any CPU.Build.0 = Debug|Any CPU
		{463595E7-2026-4188-8221-FBF4D69B954B}.Release|Any CPU.ActiveCfg = Release|Any CPU
		{463595E7-2026-4188-8221-FBF4D69B954B}.Release|Any CPU.Build.0 = Release|Any CPU
		{795324C1-DCFF-412C-9A5E-89C2E1256325}.Debug|Any CPU.ActiveCfg = Debug|Any CPU
		{795324C1-DCFF-412C-9A5E-89C2E1256325}.Debug|Any CPU.Build.0 = Debug|Any CPU
		{795324C1-DCFF-412C-9A5E-89C2E1256325}.Release|Any CPU.ActiveCfg = Release|Any CPU
		{795324C1-DCFF-412C-9A5E-89C2E1256325}.Release|Any CPU.Build.0 = Release|Any CPU
		{E703961C-630F-4D78-BFDA-999201D885FB}.Debug|Any CPU.ActiveCfg = Debug|Any CPU
		{E703961C-630F-4D78-BFDA-999201D885FB}.Debug|Any CPU.Build.0 = Debug|Any CPU
		{E703961C-630F-4D78-BFDA-999201D885FB}.Release|Any CPU.ActiveCfg = Release|Any CPU
		{E703961C-630F-4D78-BFDA-999201D885FB}.Release|Any CPU.Build.0 = Release|Any CPU
		{3B29B62B-F36B-4485-9F76-438D5933C3BC}.Debug|Any CPU.ActiveCfg = Debug|Any CPU
		{3B29B62B-F36B-4485-9F76-438D5933C3BC}.Debug|Any CPU.Build.0 = Debug|Any CPU
		{3B29B62B-F36B-4485-9F76-438D5933C3BC}.Release|Any CPU.ActiveCfg = Release|Any CPU
		{3B29B62B-F36B-4485-9F76-438D5933C3BC}.Release|Any CPU.Build.0 = Release|Any CPU
		{FFE1CF65-459A-444F-AD92-8F87A498E085}.Debug|Any CPU.ActiveCfg = Debug|Any CPU
		{FFE1CF65-459A-444F-AD92-8F87A498E085}.Debug|Any CPU.Build.0 = Debug|Any CPU
		{FFE1CF65-459A-444F-AD92-8F87A498E085}.Release|Any CPU.ActiveCfg = Release|Any CPU
		{FFE1CF65-459A-444F-AD92-8F87A498E085}.Release|Any CPU.Build.0 = Release|Any CPU
		{DA5A85B9-6642-4EDF-9524-1FFFD8151D0F}.Debug|Any CPU.ActiveCfg = Debug|Any CPU
		{DA5A85B9-6642-4EDF-9524-1FFFD8151D0F}.Debug|Any CPU.Build.0 = Debug|Any CPU
		{DA5A85B9-6642-4EDF-9524-1FFFD8151D0F}.Release|Any CPU.ActiveCfg = Release|Any CPU
		{DA5A85B9-6642-4EDF-9524-1FFFD8151D0F}.Release|Any CPU.Build.0 = Release|Any CPU
		{645B0330-A8F7-448D-A33E-CEB260167E50}.Debug|Any CPU.ActiveCfg = Debug|Any CPU
		{645B0330-A8F7-448D-A33E-CEB260167E50}.Debug|Any CPU.Build.0 = Debug|Any CPU
		{645B0330-A8F7-448D-A33E-CEB260167E50}.Release|Any CPU.ActiveCfg = Release|Any CPU
		{645B0330-A8F7-448D-A33E-CEB260167E50}.Release|Any CPU.Build.0 = Release|Any CPU
		{8E92F5F6-0519-4A25-8806-357DC835C030}.Debug|Any CPU.ActiveCfg = Debug|Any CPU
		{8E92F5F6-0519-4A25-8806-357DC835C030}.Debug|Any CPU.Build.0 = Debug|Any CPU
		{8E92F5F6-0519-4A25-8806-357DC835C030}.Release|Any CPU.ActiveCfg = Release|Any CPU
		{8E92F5F6-0519-4A25-8806-357DC835C030}.Release|Any CPU.Build.0 = Release|Any CPU
		{3EDC8A4C-870E-41D5-9922-D22E45CAE412}.Debug|Any CPU.ActiveCfg = Debug|Any CPU
		{3EDC8A4C-870E-41D5-9922-D22E45CAE412}.Debug|Any CPU.Build.0 = Debug|Any CPU
		{3EDC8A4C-870E-41D5-9922-D22E45CAE412}.Release|Any CPU.ActiveCfg = Release|Any CPU
		{3EDC8A4C-870E-41D5-9922-D22E45CAE412}.Release|Any CPU.Build.0 = Release|Any CPU
		{B25421A5-5381-4834-8579-9D42E4D983DF}.Debug|Any CPU.ActiveCfg = Debug|Any CPU
		{B25421A5-5381-4834-8579-9D42E4D983DF}.Debug|Any CPU.Build.0 = Debug|Any CPU
		{B25421A5-5381-4834-8579-9D42E4D983DF}.Release|Any CPU.ActiveCfg = Release|Any CPU
		{B25421A5-5381-4834-8579-9D42E4D983DF}.Release|Any CPU.Build.0 = Release|Any CPU
		{316B23C9-384E-4549-8D4F-AEEBB40B2F9F}.Debug|Any CPU.ActiveCfg = Debug|Any CPU
		{316B23C9-384E-4549-8D4F-AEEBB40B2F9F}.Debug|Any CPU.Build.0 = Debug|Any CPU
		{316B23C9-384E-4549-8D4F-AEEBB40B2F9F}.Release|Any CPU.ActiveCfg = Release|Any CPU
		{316B23C9-384E-4549-8D4F-AEEBB40B2F9F}.Release|Any CPU.Build.0 = Release|Any CPU
		{8CFF9851-F27D-47F3-9F81-A4FD83F9ADEB}.Debug|Any CPU.ActiveCfg = Debug|Any CPU
		{8CFF9851-F27D-47F3-9F81-A4FD83F9ADEB}.Debug|Any CPU.Build.0 = Debug|Any CPU
		{8CFF9851-F27D-47F3-9F81-A4FD83F9ADEB}.Release|Any CPU.ActiveCfg = Release|Any CPU
		{8CFF9851-F27D-47F3-9F81-A4FD83F9ADEB}.Release|Any CPU.Build.0 = Release|Any CPU
		{17D84BA6-7A53-47A4-A331-56925B3A86CE}.Debug|Any CPU.ActiveCfg = Debug|Any CPU
		{17D84BA6-7A53-47A4-A331-56925B3A86CE}.Debug|Any CPU.Build.0 = Debug|Any CPU
		{17D84BA6-7A53-47A4-A331-56925B3A86CE}.Release|Any CPU.ActiveCfg = Release|Any CPU
		{17D84BA6-7A53-47A4-A331-56925B3A86CE}.Release|Any CPU.Build.0 = Release|Any CPU
	EndGlobalSection
	GlobalSection(SolutionProperties) = preSolution
		HideSolutionNode = FALSE
	EndGlobalSection
	GlobalSection(ExtensibilityGlobals) = postSolution
		SolutionGuid = {D8CDBE92-5327-4876-80BD-FCD98F067CF7}
	EndGlobalSection
EndGlobal
